
Microsoft Visual Studio Solution File, Format Version 12.00
# Visual Studio 15
VisualStudioVersion = 15.0.28307.2092
MinimumVisualStudioVersion = 10.0.40219.1
Project("{FAE04EC0-301F-11D3-BF4B-00C04F79EFBC}") = "SILab5", "SILab5\SILab5.csproj", "{789E72B3-DF54-4A1F-A20E-6342F59AB323}"
EndProject
Project("{FAE04EC0-301F-11D3-BF4B-00C04F79EFBC}") = "SILab5 2", "SILab5 2\SILab5 2.csproj", "{0ABBBBE1-7DCD-41DA-AD2A-615C53608B37}"
EndProject
Project("{FAE04EC0-301F-11D3-BF4B-00C04F79EFBC}") = "WinForms ex12", "WinForms ex12\WinForms ex12.csproj", "{304F89F6-1863-4793-9F84-895CBCFDE648}"
EndProject
Global
	GlobalSection(SolutionConfigurationPlatforms) = preSolution
		Debug|Any CPU = Debug|Any CPU
		Release|Any CPU = Release|Any CPU
	EndGlobalSection
	GlobalSection(ProjectConfigurationPlatforms) = postSolution
		{789E72B3-DF54-4A1F-A20E-6342F59AB323}.Debug|Any CPU.ActiveCfg = Debug|Any CPU
		{789E72B3-DF54-4A1F-A20E-6342F59AB323}.Debug|Any CPU.Build.0 = Debug|Any CPU
		{789E72B3-DF54-4A1F-A20E-6342F59AB323}.Release|Any CPU.ActiveCfg = Release|Any CPU
		{789E72B3-DF54-4A1F-A20E-6342F59AB323}.Release|Any CPU.Build.0 = Release|Any CPU
		{0ABBBBE1-7DCD-41DA-AD2A-615C53608B37}.Debug|Any CPU.ActiveCfg = Debug|Any CPU
		{0ABBBBE1-7DCD-41DA-AD2A-615C53608B37}.Debug|Any CPU.Build.0 = Debug|Any CPU
		{0ABBBBE1-7DCD-41DA-AD2A-615C53608B37}.Release|Any CPU.ActiveCfg = Release|Any CPU
		{0ABBBBE1-7DCD-41DA-AD2A-615C53608B37}.Release|Any CPU.Build.0 = Release|Any CPU
		{304F89F6-1863-4793-9F84-895CBCFDE648}.Debug|Any CPU.ActiveCfg = Debug|Any CPU
		{304F89F6-1863-4793-9F84-895CBCFDE648}.Debug|Any CPU.Build.0 = Debug|Any CPU
		{304F89F6-1863-4793-9F84-895CBCFDE648}.Release|Any CPU.ActiveCfg = Release|Any CPU
		{304F89F6-1863-4793-9F84-895CBCFDE648}.Release|Any CPU.Build.0 = Release|Any CPU
	EndGlobalSection
	GlobalSection(SolutionProperties) = preSolution
		HideSolutionNode = FALSE
	EndGlobalSection
	GlobalSection(ExtensibilityGlobals) = postSolution
		SolutionGuid = {F4AB2D32-A7EB-49F1-9517-A3970AB774DC}
	EndGlobalSection
EndGlobal
